
Microsoft Visual Studio Solution File, Format Version 12.00
# Visual Studio Version 17
VisualStudioVersion = 17.3.32922.545
MinimumVisualStudioVersion = 10.0.40219.1
Project("{FAE04EC0-301F-11D3-BF4B-00C04F79EFBC}") = "RogueLike 2.0", "RogueLike 2.0\RogueLike 2.0.csproj", "{79872E30-8C1D-4951-9C37-A4174AF071FB}"
EndProject
Global
	GlobalSection(SolutionConfigurationPlatforms) = preSolution
		Debug|Any CPU = Debug|Any CPU
		Release|Any CPU = Release|Any CPU
	EndGlobalSection
	GlobalSection(ProjectConfigurationPlatforms) = postSolution
		{79872E30-8C1D-4951-9C37-A4174AF071FB}.Debug|Any CPU.ActiveCfg = Debug|Any CPU
		{79872E30-8C1D-4951-9C37-A4174AF071FB}.Debug|Any CPU.Build.0 = Debug|Any CPU
		{79872E30-8C1D-4951-9C37-A4174AF071FB}.Release|Any CPU.ActiveCfg = Release|Any CPU
		{79872E30-8C1D-4951-9C37-A4174AF071FB}.Release|Any CPU.Build.0 = Release|Any CPU
	EndGlobalSection
	GlobalSection(SolutionProperties) = preSolution
		HideSolutionNode = FALSE
	EndGlobalSection
	GlobalSection(ExtensibilityGlobals) = postSolution
		SolutionGuid = {44177217-F3D5-40BA-AB77-AD67B2C6703C}
	EndGlobalSection
EndGlobal
